// !$*UTF8*$!
{
	archiveVersion = 1;
	classes = {
	};
	objectVersion = 46;
	objects = {

/* Begin PBXBuildFile section */
		10E82A8F1D84AC320094681E /* main.cpp in Sources */ = {isa = PBXBuildFile; fileRef = 10E82A8C1D84AC320094681E /* main.cpp */; };
		10E82A901D84AC320094681E /* TestCase.cpp in Sources */ = {isa = PBXBuildFile; fileRef = 10E82A8D1D84AC320094681E /* TestCase.cpp */; };
/* End PBXBuildFile section */

/* Begin PBXCopyFilesBuildPhase section */
		10E82A7F1D84ABFD0094681E /* CopyFiles */ = {
			isa = PBXCopyFilesBuildPhase;
			buildActionMask = 2147483647;
			dstPath = /usr/share/man/man1/;
			dstSubfolderSpec = 0;
			files = (
			);
			runOnlyForDeploymentPostprocessing = 1;
		};
/* End PBXCopyFilesBuildPhase section */

/* Begin PBXFileReference section */
		10E82A811D84ABFD0094681E /* 2 - Review 2 */ = {isa = PBXFileReference; explicitFileType = "compiled.mach-o.executable"; includeInIndex = 0; path = "2 - Review 2"; sourceTree = BUILT_PRODUCTS_DIR; };
		10E82A8B1D84AC320094681E /* ArrayList.h */ = {isa = PBXFileReference; fileEncoding = 4; lastKnownFileType = sourcecode.c.h; path = ArrayList.h; sourceTree = "<group>"; };
		10E82A8C1D84AC320094681E /* main.cpp */ = {isa = PBXFileReference; fileEncoding = 4; lastKnownFileType = sourcecode.cpp.cpp; path = main.cpp; sourceTree = "<group>"; };
		10E82A8D1D84AC320094681E /* TestCase.cpp */ = {isa = PBXFileReference; fileEncoding = 4; lastKnownFileType = sourcecode.cpp.cpp; path = TestCase.cpp; sourceTree = "<group>"; };
		10E82A8E1D84AC320094681E /* TestCase.h */ = {isa = PBXFileReference; fileEncoding = 4; lastKnownFileType = sourcecode.c.h; path = TestCase.h; sourceTree = "<group>"; };
/* End PBXFileReference section */

/* Begin PBXFrameworksBuildPhase section */
		10E82A7E1D84ABFD0094681E /* Frameworks */ = {
			isa = PBXFrameworksBuildPhase;
			buildActionMask = 2147483647;
			files = (
			);
			runOnlyForDeploymentPostprocessing = 0;
		};
/* End PBXFrameworksBuildPhase section */

/* Begin PBXGroup section */
		10E82A781D84ABFD0094681E = {
			isa = PBXGroup;
			children = (
				10E82A831D84ABFD0094681E /* 2 - Review 2 */,
				10E82A821D84ABFD0094681E /* Products */,
			);
			sourceTree = "<group>";
		};
		10E82A821D84ABFD0094681E /* Products */ = {
			isa = PBXGroup;
			children = (
				10E82A811D84ABFD0094681E /* 2 - Review 2 */,
			);
			name = Products;
			sourceTree = "<group>";
		};
		10E82A831D84ABFD0094681E /* 2 - Review 2 */ = {
			isa = PBXGroup;
			children = (
				10E82A8B1D84AC320094681E /* ArrayList.h */,
				10E82A8C1D84AC320094681E /* main.cpp */,
				10E82A8D1D84AC320094681E /* TestCase.cpp */,
				10E82A8E1D84AC320094681E /* TestCase.h */,
			);
			path = "2 - Review 2";
			sourceTree = "<group>";
		};
/* End PBXGroup section */

/* Begin PBXNativeTarget section */
		10E82A801D84ABFD0094681E /* 2 - Review 2 */ = {
			isa = PBXNativeTarget;
			buildConfigurationList = 10E82A881D84ABFD0094681E /* Build configuration list for PBXNativeTarget "2 - Review 2" */;
			buildPhases = (
				10E82A7D1D84ABFD0094681E /* Sources */,
				10E82A7E1D84ABFD0094681E /* Frameworks */,
				10E82A7F1D84ABFD0094681E /* CopyFiles */,
			);
			buildRules = (
			);
			dependencies = (
			);
			name = "2 - Review 2";
			productName = "2 - Review 2";
			productReference = 10E82A811D84ABFD0094681E /* 2 - Review 2 */;
			productType = "com.apple.product-type.tool";
		};
/* End PBXNativeTarget section */

/* Begin PBXProject section */
		10E82A791D84ABFD0094681E /* Project object */ = {
			isa = PBXProject;
			attributes = {
				LastUpgradeCheck = 0730;
				ORGANIZATIONNAME = Carrera;
				TargetAttributes = {
					10E82A801D84ABFD0094681E = {
						CreatedOnToolsVersion = 7.3.1;
					};
				};
			};
			buildConfigurationList = 10E82A7C1D84ABFD0094681E /* Build configuration list for PBXProject "2 - Review 2" */;
			compatibilityVersion = "Xcode 3.2";
			developmentRegion = English;
			hasScannedForEncodings = 0;
			knownRegions = (
				en,
			);
			mainGroup = 10E82A781D84ABFD0094681E;
			productRefGroup = 10E82A821D84ABFD0094681E /* Products */;
			projectDirPath = "";
			projectRoot = "";
			targets = (
				10E82A801D84ABFD0094681E /* 2 - Review 2 */,
			);
		};
/* End PBXProject section */

/* Begin PBXSourcesBuildPhase section */
		10E82A7D1D84ABFD0094681E /* Sources */ = {
			isa = PBXSourcesBuildPhase;
			buildActionMask = 2147483647;
			files = (
				10E82A8F1D84AC320094681E /* main.cpp in Sources */,
				10E82A901D84AC320094681E /* TestCase.cpp in Sources */,
			);
			runOnlyForDeploymentPostprocessing = 0;
		};
/* End PBXSourcesBuildPhase section */

/* Begin XCBuildConfiguration section */
		10E82A861D84ABFD0094681E /* Debug */ = {
			isa = XCBuildConfiguration;
			buildSettings = {
				ALWAYS_SEARCH_USER_PATHS = NO;
				CLANG_ANALYZER_NONNULL = YES;
				CLANG_CXX_LANGUAGE_STANDARD = "gnu++0x";
				CLANG_CXX_LIBRARY = "libc++";
				CLANG_ENABLE_MODULES = YES;
				CLANG_ENABLE_OBJC_ARC = YES;
				CLANG_WARN_BOOL_CONVERSION = YES;
				CLANG_WARN_CONSTANT_CONVERSION = YES;
				CLANG_WARN_DIRECT_OBJC_ISA_USAGE = YES_ERROR;
				CLANG_WARN_EMPTY_BODY = YES;
				CLANG_WARN_ENUM_CONVERSION = YES;
				CLANG_WARN_INT_CONVERSION = YES;
				CLANG_WARN_OBJC_ROOT_CLASS = YES_ERROR;
				CLANG_WARN_UNREACHABLE_CODE = YES;
				CLANG_WARN__DUPLICATE_METHOD_MATCH = YES;
				CODE_SIGN_IDENTITY = "-";
				COPY_PHASE_STRIP = NO;
				DEBUG_INFORMATION_FORMAT = dwarf;
				ENABLE_STRICT_OBJC_MSGSEND = YES;
				ENABLE_TESTABILITY = YES;
				GCC_C_LANGUAGE_STANDARD = gnu99;
				GCC_DYNAMIC_NO_PIC = NO;
				GCC_NO_COMMON_BLOCKS = YES;
				GCC_OPTIMIZATION_LEVEL = 0;
				GCC_PREPROCESSOR_DEFINITIONS = (
					"DEBUG=1",
					"$(inherited)",
				);
				GCC_WARN_64_TO_32_BIT_CONVERSION = YES;
				GCC_WARN_ABOUT_RETURN_TYPE = YES_ERROR;
				GCC_WARN_UNDECLARED_SELECTOR = YES;
				GCC_WARN_UNINITIALIZED_AUTOS = YES_AGGRESSIVE;
				GCC_WARN_UNUSED_FUNCTION = YES;
				GCC_WARN_UNUSED_VARIABLE = YES;
				MACOSX_DEPLOYMENT_TARGET = 10.11;
				MTL_ENABLE_DEBUG_INFO = YES;
				ONLY_ACTIVE_ARCH = YES;
				SDKROOT = macosx;
			};
			name = Debug;
		};
		10E82A871D84ABFD0094681E /* Release */ = {
			isa = XCBuildConfiguration;
			buildSettings = {
				ALWAYS_SEARCH_USER_PATHS = NO;
				CLANG_ANALYZER_NONNULL = YES;
				CLANG_CXX_LANGUAGE_STANDARD = "gnu++0x";
				CLANG_CXX_LIBRARY = "libc++";
				CLANG_ENABLE_MODULES = YES;
				CLANG_ENABLE_OBJC_ARC = YES;
				CLANG_WARN_BOOL_CONVERSION = YES;
				CLANG_WARN_CONSTANT_CONVERSION = YES;
				CLANG_WARN_DIRECT_OBJC_ISA_USAGE = YES_ERROR;
				CLANG_WARN_EMPTY_BODY = YES;
				CLANG_WARN_ENUM_CONVERSION = YES;
				CLANG_WARN_INT_CONVERSION = YES;
				CLANG_WARN_OBJC_ROOT_CLASS = YES_ERROR;
				CLANG_WARN_UNREACHABLE_CODE = YES;
				CLANG_WARN__DUPLICATE_METHOD_MATCH = YES;
				CODE_SIGN_IDENTITY = "-";
				COPY_PHASE_STRIP = NO;
				DEBUG_INFORMATION_FORMAT = "dwarf-with-dsym";
				ENABLE_NS_ASSERTIONS = NO;
				ENABLE_STRICT_OBJC_MSGSEND = YES;
				GCC_C_LANGUAGE_STANDARD = gnu99;
				GCC_NO_COMMON_BLOCKS = YES;
				GCC_WARN_64_TO_32_BIT_CONVERSION = YES;
				GCC_WARN_ABOUT_RETURN_TYPE = YES_ERROR;
				GCC_WARN_UNDECLARED_SELECTOR = YES;
				GCC_WARN_UNINITIALIZED_AUTOS = YES_AGGRESSIVE;
				GCC_WARN_UNUSED_FUNCTION = YES;
				GCC_WARN_UNUSED_VARIABLE = YES;
				MACOSX_DEPLOYMENT_TARGET = 10.11;
				MTL_ENABLE_DEBUG_INFO = NO;
				SDKROOT = macosx;
			};
			name = Release;
		};
		10E82A891D84ABFD0094681E /* Debug */ = {
			isa = XCBuildConfiguration;
			buildSettings = {
				PRODUCT_NAME = "$(TARGET_NAME)";
			};
			name = Debug;
		};
		10E82A8A1D84ABFD0094681E /* Release */ = {
			isa = XCBuildConfiguration;
			buildSettings = {
				PRODUCT_NAME = "$(TARGET_NAME)";
			};
			name = Release;
		};
/* End XCBuildConfiguration section */

/* Begin XCConfigurationList section */
		10E82A7C1D84ABFD0094681E /* Build configuration list for PBXProject "2 - Review 2" */ = {
			isa = XCConfigurationList;
			buildConfigurations = (
				10E82A861D84ABFD0094681E /* Debug */,
				10E82A871D84ABFD0094681E /* Release */,
			);
			defaultConfigurationIsVisible = 0;
			defaultConfigurationName = Release;
		};
		10E82A881D84ABFD0094681E /* Build configuration list for PBXNativeTarget "2 - Review 2" */ = {
			isa = XCConfigurationList;
			buildConfigurations = (
				10E82A891D84ABFD0094681E /* Debug */,
				10E82A8A1D84ABFD0094681E /* Release */,
			);
			defaultConfigurationIsVisible = 0;
		};
/* End XCConfigurationList section */
	};
	rootObject = 10E82A791D84ABFD0094681E /* Project object */;
}
